
Microsoft Visual Studio Solution File, Format Version 12.00
# Visual Studio Version 16
VisualStudioVersion = 16.0.31424.327
MinimumVisualStudioVersion = 10.0.40219.1
Project("{FAE04EC0-301F-11D3-BF4B-00C04F79EFBC}") = "Module10Task1", "Module10Tasks1-2\Module10Task1.csproj", "{E12B01C9-D381-4BB4-9244-4150EF68527F}"
EndProject
Global
	GlobalSection(SolutionConfigurationPlatforms) = preSolution
		Debug|Any CPU = Debug|Any CPU
		Release|Any CPU = Release|Any CPU
	EndGlobalSection
	GlobalSection(ProjectConfigurationPlatforms) = postSolution
		{E12B01C9-D381-4BB4-9244-4150EF68527F}.Debug|Any CPU.ActiveCfg = Debug|Any CPU
		{E12B01C9-D381-4BB4-9244-4150EF68527F}.Debug|Any CPU.Build.0 = Debug|Any CPU
		{E12B01C9-D381-4BB4-9244-4150EF68527F}.Release|Any CPU.ActiveCfg = Release|Any CPU
		{E12B01C9-D381-4BB4-9244-4150EF68527F}.Release|Any CPU.Build.0 = Release|Any CPU
	EndGlobalSection
	GlobalSection(SolutionProperties) = preSolution
		HideSolutionNode = FALSE
	EndGlobalSection
	GlobalSection(ExtensibilityGlobals) = postSolution
		SolutionGuid = {41BC0D86-9320-476F-A015-36ADF9B629F0}
	EndGlobalSection
EndGlobal
